// !$*UTF8*$!
{
	archiveVersion = 1;
	classes = {
	};
	objectVersion = 50;
	objects = {

/* Begin PBXBuildFile section */
		A2E37ECC23DD2B0700C4E470 /* AppDelegate.swift in Sources */ = {isa = PBXBuildFile; fileRef = A2E37ECB23DD2B0700C4E470 /* AppDelegate.swift */; };
		A2E37ECE23DD2B0700C4E470 /* SceneDelegate.swift in Sources */ = {isa = PBXBuildFile; fileRef = A2E37ECD23DD2B0700C4E470 /* SceneDelegate.swift */; };
		A2E37ED023DD2B0700C4E470 /* ContentView.swift in Sources */ = {isa = PBXBuildFile; fileRef = A2E37ECF23DD2B0700C4E470 /* ContentView.swift */; };
		A2E37ED223DD2B0E00C4E470 /* Assets.xcassets in Resources */ = {isa = PBXBuildFile; fileRef = A2E37ED123DD2B0E00C4E470 /* Assets.xcassets */; };
		A2E37ED523DD2B0E00C4E470 /* Preview Assets.xcassets in Resources */ = {isa = PBXBuildFile; fileRef = A2E37ED423DD2B0E00C4E470 /* Preview Assets.xcassets */; };
		A2E37ED823DD2B0E00C4E470 /* LaunchScreen.storyboard in Resources */ = {isa = PBXBuildFile; fileRef = A2E37ED623DD2B0E00C4E470 /* LaunchScreen.storyboard */; };
		A2E37EE023DD2DCC00C4E470 /* data.swift in Sources */ = {isa = PBXBuildFile; fileRef = A2E37EDF23DD2DCC00C4E470 /* data.swift */; };
/* End PBXBuildFile section */

/* Begin PBXFileReference section */
		A2E37EC823DD2B0700C4E470 /* Swift_pagination_01.app */ = {isa = PBXFileReference; explicitFileType = wrapper.application; includeInIndex = 0; path = Swift_pagination_01.app; sourceTree = BUILT_PRODUCTS_DIR; };
		A2E37ECB23DD2B0700C4E470 /* AppDelegate.swift */ = {isa = PBXFileReference; lastKnownFileType = sourcecode.swift; path = AppDelegate.swift; sourceTree = "<group>"; };
		A2E37ECD23DD2B0700C4E470 /* SceneDelegate.swift */ = {isa = PBXFileReference; lastKnownFileType = sourcecode.swift; path = SceneDelegate.swift; sourceTree = "<group>"; };
		A2E37ECF23DD2B0700C4E470 /* ContentView.swift */ = {isa = PBXFileReference; lastKnownFileType = sourcecode.swift; path = ContentView.swift; sourceTree = "<group>"; };
		A2E37ED123DD2B0E00C4E470 /* Assets.xcassets */ = {isa = PBXFileReference; lastKnownFileType = folder.assetcatalog; path = Assets.xcassets; sourceTree = "<group>"; };
		A2E37ED423DD2B0E00C4E470 /* Preview Assets.xcassets */ = {isa = PBXFileReference; lastKnownFileType = folder.assetcatalog; path = "Preview Assets.xcassets"; sourceTree = "<group>"; };
		A2E37ED723DD2B0E00C4E470 /* Base */ = {isa = PBXFileReference; lastKnownFileType = file.storyboard; name = Base; path = Base.lproj/LaunchScreen.storyboard; sourceTree = "<group>"; };
		A2E37ED923DD2B0E00C4E470 /* Info.plist */ = {isa = PBXFileReference; lastKnownFileType = text.plist.xml; path = Info.plist; sourceTree = "<group>"; };
		A2E37EDF23DD2DCC00C4E470 /* data.swift */ = {isa = PBXFileReference; lastKnownFileType = sourcecode.swift; path = data.swift; sourceTree = "<group>"; };
/* End PBXFileReference section */

/* Begin PBXFrameworksBuildPhase section */
		A2E37EC523DD2B0700C4E470 /* Frameworks */ = {
			isa = PBXFrameworksBuildPhase;
			buildActionMask = 2147483647;
			files = (
			);
			runOnlyForDeploymentPostprocessing = 0;
		};
/* End PBXFrameworksBuildPhase section */

/* Begin PBXGroup section */
		A2E37EBF23DD2B0600C4E470 = {
			isa = PBXGroup;
			children = (
				A2E37ECA23DD2B0700C4E470 /* Swift_pagination_01 */,
				A2E37EC923DD2B0700C4E470 /* Products */,
			);
			sourceTree = "<group>";
		};
		A2E37EC923DD2B0700C4E470 /* Products */ = {
			isa = PBXGroup;
			children = (
				A2E37EC823DD2B0700C4E470 /* Swift_pagination_01.app */,
			);
			name = Products;
			sourceTree = "<group>";
		};
		A2E37ECA23DD2B0700C4E470 /* Swift_pagination_01 */ = {
			isa = PBXGroup;
			children = (
				A2E37ECB23DD2B0700C4E470 /* AppDelegate.swift */,
				A2E37ECD23DD2B0700C4E470 /* SceneDelegate.swift */,
				A2E37ECF23DD2B0700C4E470 /* ContentView.swift */,
				A2E37ED123DD2B0E00C4E470 /* Assets.xcassets */,
				A2E37ED623DD2B0E00C4E470 /* LaunchScreen.storyboard */,
				A2E37ED923DD2B0E00C4E470 /* Info.plist */,
				A2E37ED323DD2B0E00C4E470 /* Preview Content */,
				A2E37EDF23DD2DCC00C4E470 /* data.swift */,
			);
			path = Swift_pagination_01;
			sourceTree = "<group>";
		};
		A2E37ED323DD2B0E00C4E470 /* Preview Content */ = {
			isa = PBXGroup;
			children = (
				A2E37ED423DD2B0E00C4E470 /* Preview Assets.xcassets */,
			);
			path = "Preview Content";
			sourceTree = "<group>";
		};
/* End PBXGroup section */

/* Begin PBXNativeTarget section */
		A2E37EC723DD2B0700C4E470 /* Swift_pagination_01 */ = {
			isa = PBXNativeTarget;
			buildConfigurationList = A2E37EDC23DD2B0E00C4E470 /* Build configuration list for PBXNativeTarget "Swift_pagination_01" */;
			buildPhases = (
				A2E37EC423DD2B0700C4E470 /* Sources */,
				A2E37EC523DD2B0700C4E470 /* Frameworks */,
				A2E37EC623DD2B0700C4E470 /* Resources */,
			);
			buildRules = (
			);
			dependencies = (
			);
			name = Swift_pagination_01;
			productName = Swift_pagination_01;
			productReference = A2E37EC823DD2B0700C4E470 /* Swift_pagination_01.app */;
			productType = "com.apple.product-type.application";
		};
/* End PBXNativeTarget section */

/* Begin PBXProject section */
		A2E37EC023DD2B0600C4E470 /* Project object */ = {
			isa = PBXProject;
			attributes = {
				LastSwiftUpdateCheck = 1130;
				LastUpgradeCheck = 1130;
				ORGANIZATIONNAME = cf;
				TargetAttributes = {
					A2E37EC723DD2B0700C4E470 = {
						CreatedOnToolsVersion = 11.3.1;
					};
				};
			};
			buildConfigurationList = A2E37EC323DD2B0700C4E470 /* Build configuration list for PBXProject "Swift_pagination_01" */;
			compatibilityVersion = "Xcode 9.3";
			developmentRegion = en;
			hasScannedForEncodings = 0;
			knownRegions = (
				en,
				Base,
			);
			mainGroup = A2E37EBF23DD2B0600C4E470;
			productRefGroup = A2E37EC923DD2B0700C4E470 /* Products */;
			projectDirPath = "";
			projectRoot = "";
			targets = (
				A2E37EC723DD2B0700C4E470 /* Swift_pagination_01 */,
			);
		};
/* End PBXProject section */

/* Begin PBXResourcesBuildPhase section */
		A2E37EC623DD2B0700C4E470 /* Resources */ = {
			isa = PBXResourcesBuildPhase;
			buildActionMask = 2147483647;
			files = (
				A2E37ED823DD2B0E00C4E470 /* LaunchScreen.storyboard in Resources */,
				A2E37ED523DD2B0E00C4E470 /* Preview Assets.xcassets in Resources */,
				A2E37ED223DD2B0E00C4E470 /* Assets.xcassets in Resources */,
			);
			runOnlyForDeploymentPostprocessing = 0;
		};
/* End PBXResourcesBuildPhase section */

/* Begin PBXSourcesBuildPhase section */
		A2E37EC423DD2B0700C4E470 /* Sources */ = {
			isa = PBXSourcesBuildPhase;
			buildActionMask = 2147483647;
			files = (
				A2E37ECC23DD2B0700C4E470 /* AppDelegate.swift in Sources */,
				A2E37ECE23DD2B0700C4E470 /* SceneDelegate.swift in Sources */,
				A2E37ED023DD2B0700C4E470 /* ContentView.swift in Sources */,
				A2E37EE023DD2DCC00C4E470 /* data.swift in Sources */,
			);
			runOnlyForDeploymentPostprocessing = 0;
		};
/* End PBXSourcesBuildPhase section */

/* Begin PBXVariantGroup section */
		A2E37ED623DD2B0E00C4E470 /* LaunchScreen.storyboard */ = {
			isa = PBXVariantGroup;
			children = (
				A2E37ED723DD2B0E00C4E470 /* Base */,
			);
			name = LaunchScreen.storyboard;
			sourceTree = "<group>";
		};
/* End PBXVariantGroup section */

/* Begin XCBuildConfiguration section */
		A2E37EDA23DD2B0E00C4E470 /* Debug */ = {
			isa = XCBuildConfiguration;
			buildSettings = {
				ALWAYS_SEARCH_USER_PATHS = NO;
				CLANG_ANALYZER_NONNULL = YES;
				CLANG_ANALYZER_NUMBER_OBJECT_CONVERSION = YES_AGGRESSIVE;
				CLANG_CXX_LANGUAGE_STANDARD = "gnu++14";
				CLANG_CXX_LIBRARY = "libc++";
				CLANG_ENABLE_MODULES = YES;
				CLANG_ENABLE_OBJC_ARC = YES;
				CLANG_ENABLE_OBJC_WEAK = YES;
				CLANG_WARN_BLOCK_CAPTURE_AUTORELEASING = YES;
				CLANG_WARN_BOOL_CONVERSION = YES;
				CLANG_WARN_COMMA = YES;
				CLANG_WARN_CONSTANT_CONVERSION = YES;
				CLANG_WARN_DEPRECATED_OBJC_IMPLEMENTATIONS = YES;
				CLANG_WARN_DIRECT_OBJC_ISA_USAGE = YES_ERROR;
				CLANG_WARN_DOCUMENTATION_COMMENTS = YES;
				CLANG_WARN_EMPTY_BODY = YES;
				CLANG_WARN_ENUM_CONVERSION = YES;
				CLANG_WARN_INFINITE_RECURSION = YES;
				CLANG_WARN_INT_CONVERSION = YES;
				CLANG_WARN_NON_LITERAL_NULL_CONVERSION = YES;
				CLANG_WARN_OBJC_IMPLICIT_RETAIN_SELF = YES;
				CLANG_WARN_OBJC_LITERAL_CONVERSION = YES;
				CLANG_WARN_OBJC_ROOT_CLASS = YES_ERROR;
				CLANG_WARN_RANGE_LOOP_ANALYSIS = YES;
				CLANG_WARN_STRICT_PROTOTYPES = YES;
				CLANG_WARN_SUSPICIOUS_MOVE = YES;
				CLANG_WARN_UNGUARDED_AVAILABILITY = YES_AGGRESSIVE;
				CLANG_WARN_UNREACHABLE_CODE = YES;
				CLANG_WARN__DUPLICATE_METHOD_MATCH = YES;
				COPY_PHASE_STRIP = NO;
				DEBUG_INFORMATION_FORMAT = dwarf;
				ENABLE_STRICT_OBJC_MSGSEND = YES;
				ENABLE_TESTABILITY = YES;
				GCC_C_LANGUAGE_STANDARD = gnu11;
				GCC_DYNAMIC_NO_PIC = NO;
				GCC_NO_COMMON_BLOCKS = YES;
				GCC_OPTIMIZATION_LEVEL = 0;
				GCC_PREPROCESSOR_DEFINITIONS = (
					"DEBUG=1",
					"$(inherited)",
				);
				GCC_WARN_64_TO_32_BIT_CONVERSION = YES;
				GCC_WARN_ABOUT_RETURN_TYPE = YES_ERROR;
				GCC_WARN_UNDECLARED_SELECTOR = YES;
				GCC_WARN_UNINITIALIZED_AUTOS = YES_AGGRESSIVE;
				GCC_WARN_UNUSED_FUNCTION = YES;
				GCC_WARN_UNUSED_VARIABLE = YES;
				IPHONEOS_DEPLOYMENT_TARGET = 13.2;
				MTL_ENABLE_DEBUG_INFO = INCLUDE_SOURCE;
				MTL_FAST_MATH = YES;
				ONLY_ACTIVE_ARCH = YES;
				SDKROOT = iphoneos;
				SWIFT_ACTIVE_COMPILATION_CONDITIONS = DEBUG;
				SWIFT_OPTIMIZATION_LEVEL = "-Onone";
			};
			name = Debug;
		};
		A2E37EDB23DD2B0E00C4E470 /* Release */ = {
			isa = XCBuildConfiguration;
			buildSettings = {
				ALWAYS_SEARCH_USER_PATHS = NO;
				CLANG_ANALYZER_NONNULL = YES;
				CLANG_ANALYZER_NUMBER_OBJECT_CONVERSION = YES_AGGRESSIVE;
				CLANG_CXX_LANGUAGE_STANDARD = "gnu++14";
				CLANG_CXX_LIBRARY = "libc++";
				CLANG_ENABLE_MODULES = YES;
				CLANG_ENABLE_OBJC_ARC = YES;
				CLANG_ENABLE_OBJC_WEAK = YES;
				CLANG_WARN_BLOCK_CAPTURE_AUTORELEASING = YES;
				CLANG_WARN_BOOL_CONVERSION = YES;
				CLANG_WARN_COMMA = YES;
				CLANG_WARN_CONSTANT_CONVERSION = YES;
				CLANG_WARN_DEPRECATED_OBJC_IMPLEMENTATIONS = YES;
				CLANG_WARN_DIRECT_OBJC_ISA_USAGE = YES_ERROR;
				CLANG_WARN_DOCUMENTATION_COMMENTS = YES;
				CLANG_WARN_EMPTY_BODY = YES;
				CLANG_WARN_ENUM_CONVERSION = YES;
				CLANG_WARN_INFINITE_RECURSION = YES;
				CLANG_WARN_INT_CONVERSION = YES;
				CLANG_WARN_NON_LITERAL_NULL_CONVERSION = YES;
				CLANG_WARN_OBJC_IMPLICIT_RETAIN_SELF = YES;
				CLANG_WARN_OBJC_LITERAL_CONVERSION = YES;
				CLANG_WARN_OBJC_ROOT_CLASS = YES_ERROR;
				CLANG_WARN_RANGE_LOOP_ANALYSIS = YES;
				CLANG_WARN_STRICT_PROTOTYPES = YES;
				CLANG_WARN_SUSPICIOUS_MOVE = YES;
				CLANG_WARN_UNGUARDED_AVAILABILITY = YES_AGGRESSIVE;
				CLANG_WARN_UNREACHABLE_CODE = YES;
				CLANG_WARN__DUPLICATE_METHOD_MATCH = YES;
				COPY_PHASE_STRIP = NO;
				DEBUG_INFORMATION_FORMAT = "dwarf-with-dsym";
				ENABLE_NS_ASSERTIONS = NO;
				ENABLE_STRICT_OBJC_MSGSEND = YES;
				GCC_C_LANGUAGE_STANDARD = gnu11;
				GCC_NO_COMMON_BLOCKS = YES;
				GCC_WARN_64_TO_32_BIT_CONVERSION = YES;
				GCC_WARN_ABOUT_RETURN_TYPE = YES_ERROR;
				GCC_WARN_UNDECLARED_SELECTOR = YES;
				GCC_WARN_UNINITIALIZED_AUTOS = YES_AGGRESSIVE;
				GCC_WARN_UNUSED_FUNCTION = YES;
				GCC_WARN_UNUSED_VARIABLE = YES;
				IPHONEOS_DEPLOYMENT_TARGET = 13.2;
				MTL_ENABLE_DEBUG_INFO = NO;
				MTL_FAST_MATH = YES;
				SDKROOT = iphoneos;
				SWIFT_COMPILATION_MODE = wholemodule;
				SWIFT_OPTIMIZATION_LEVEL = "-O";
				VALIDATE_PRODUCT = YES;
			};
			name = Release;
		};
		A2E37EDD23DD2B0E00C4E470 /* Debug */ = {
			isa = XCBuildConfiguration;
			buildSettings = {
				ASSETCATALOG_COMPILER_APPICON_NAME = AppIcon;
				CODE_SIGN_STYLE = Automatic;
				DEVELOPMENT_ASSET_PATHS = "\"Swift_pagination_01/Preview Content\"";
				ENABLE_PREVIEWS = YES;
				INFOPLIST_FILE = Swift_pagination_01/Info.plist;
				LD_RUNPATH_SEARCH_PATHS = (
					"$(inherited)",
					"@executable_path/Frameworks",
				);
				PRODUCT_BUNDLE_IDENTIFIER = "cf.Swift-pagination-01";
				PRODUCT_NAME = "$(TARGET_NAME)";
				SWIFT_VERSION = 5.0;
				TARGETED_DEVICE_FAMILY = "1,2";
			};
			name = Debug;
		};
		A2E37EDE23DD2B0E00C4E470 /* Release */ = {
			isa = XCBuildConfiguration;
			buildSettings = {
				ASSETCATALOG_COMPILER_APPICON_NAME = AppIcon;
				CODE_SIGN_STYLE = Automatic;
				DEVELOPMENT_ASSET_PATHS = "\"Swift_pagination_01/Preview Content\"";
				ENABLE_PREVIEWS = YES;
				INFOPLIST_FILE = Swift_pagination_01/Info.plist;
				LD_RUNPATH_SEARCH_PATHS = (
					"$(inherited)",
					"@executable_path/Frameworks",
				);
				PRODUCT_BUNDLE_IDENTIFIER = "cf.Swift-pagination-01";
				PRODUCT_NAME = "$(TARGET_NAME)";
				SWIFT_VERSION = 5.0;
				TARGETED_DEVICE_FAMILY = "1,2";
			};
			name = Release;
		};
/* End XCBuildConfiguration section */

/* Begin XCConfigurationList section */
		A2E37EC323DD2B0700C4E470 /* Build configuration list for PBXProject "Swift_pagination_01" */ = {
			isa = XCConfigurationList;
			buildConfigurations = (
				A2E37EDA23DD2B0E00C4E470 /* Debug */,
				A2E37EDB23DD2B0E00C4E470 /* Release */,
			);
			defaultConfigurationIsVisible = 0;
			defaultConfigurationName = Release;
		};
		A2E37EDC23DD2B0E00C4E470 /* Build configuration list for PBXNativeTarget "Swift_pagination_01" */ = {
			isa = XCConfigurationList;
			buildConfigurations = (
				A2E37EDD23DD2B0E00C4E470 /* Debug */,
				A2E37EDE23DD2B0E00C4E470 /* Release */,
			);
			defaultConfigurationIsVisible = 0;
			defaultConfigurationName = Release;
		};
/* End XCConfigurationList section */
	};
	rootObject = A2E37EC023DD2B0600C4E470 /* Project object */;
}
